
Microsoft Visual Studio Solution File, Format Version 12.00
# Visual Studio Version 17
VisualStudioVersion = 17.3.32929.385
MinimumVisualStudioVersion = 10.0.40219.1
Project("{FAE04EC0-301F-11D3-BF4B-00C04F79EFBC}") = "SortedList-Tablas Hash-SortedSet-HashSet", "SortedList-Tablas Hash-SortedSet-HashSet\SortedList-Tablas Hash-SortedSet-HashSet.csproj", "{065B3CB7-6BAF-4B3F-9370-B9DD8FB7B5C3}"
EndProject
Global
	GlobalSection(SolutionConfigurationPlatforms) = preSolution
		Debug|Any CPU = Debug|Any CPU
		Release|Any CPU = Release|Any CPU
	EndGlobalSection
	GlobalSection(ProjectConfigurationPlatforms) = postSolution
		{065B3CB7-6BAF-4B3F-9370-B9DD8FB7B5C3}.Debug|Any CPU.ActiveCfg = Debug|Any CPU
		{065B3CB7-6BAF-4B3F-9370-B9DD8FB7B5C3}.Debug|Any CPU.Build.0 = Debug|Any CPU
		{065B3CB7-6BAF-4B3F-9370-B9DD8FB7B5C3}.Release|Any CPU.ActiveCfg = Release|Any CPU
		{065B3CB7-6BAF-4B3F-9370-B9DD8FB7B5C3}.Release|Any CPU.Build.0 = Release|Any CPU
	EndGlobalSection
	GlobalSection(SolutionProperties) = preSolution
		HideSolutionNode = FALSE
	EndGlobalSection
	GlobalSection(ExtensibilityGlobals) = postSolution
		SolutionGuid = {02992534-B16C-4388-A733-21C65D2A468F}
	EndGlobalSection
EndGlobal
